
Microsoft Visual Studio Solution File, Format Version 12.00
# Visual Studio Version 16
VisualStudioVersion = 16.0.31829.152
MinimumVisualStudioVersion = 10.0.40219.1
Project("{FAE04EC0-301F-11D3-BF4B-00C04F79EFBC}") = "A-Puzzle-A-Day", "A-Puzzle-A-Day-Solver\A-Puzzle-A-Day-Solver.csproj", "{BF701292-C7B8-4BBD-8B7A-F2F70C4C11FC}"
EndProject
Project("{FAE04EC0-301F-11D3-BF4B-00C04F79EFBC}") = "A-Puzzle-A-Day.Tests", "A-Puzzle-A-Day.Tests\A-Puzzle-A-Day.Tests.csproj", "{0E90E4E2-8D21-4A94-A4BB-24B5E6B9BE2E}"
EndProject
Global
	GlobalSection(SolutionConfigurationPlatforms) = preSolution
		Debug|Any CPU = Debug|Any CPU
		Release|Any CPU = Release|Any CPU
	EndGlobalSection
	GlobalSection(ProjectConfigurationPlatforms) = postSolution
		{BF701292-C7B8-4BBD-8B7A-F2F70C4C11FC}.Debug|Any CPU.ActiveCfg = Debug|Any CPU
		{BF701292-C7B8-4BBD-8B7A-F2F70C4C11FC}.Debug|Any CPU.Build.0 = Debug|Any CPU
		{BF701292-C7B8-4BBD-8B7A-F2F70C4C11FC}.Release|Any CPU.ActiveCfg = Release|Any CPU
		{BF701292-C7B8-4BBD-8B7A-F2F70C4C11FC}.Release|Any CPU.Build.0 = Release|Any CPU
		{0E90E4E2-8D21-4A94-A4BB-24B5E6B9BE2E}.Debug|Any CPU.ActiveCfg = Debug|Any CPU
		{0E90E4E2-8D21-4A94-A4BB-24B5E6B9BE2E}.Debug|Any CPU.Build.0 = Debug|Any CPU
		{0E90E4E2-8D21-4A94-A4BB-24B5E6B9BE2E}.Release|Any CPU.ActiveCfg = Release|Any CPU
		{0E90E4E2-8D21-4A94-A4BB-24B5E6B9BE2E}.Release|Any CPU.Build.0 = Release|Any CPU
	EndGlobalSection
	GlobalSection(SolutionProperties) = preSolution
		HideSolutionNode = FALSE
	EndGlobalSection
	GlobalSection(ExtensibilityGlobals) = postSolution
		SolutionGuid = {F7DC91E6-A966-4F83-B79A-1C3FD1CADB54}
	EndGlobalSection
EndGlobal
